
Microsoft Visual Studio Solution File, Format Version 12.00
# Visual Studio 14
VisualStudioVersion = 14.0.25420.1
MinimumVisualStudioVersion = 10.0.40219.1
Project("{FAE04EC0-301F-11D3-BF4B-00C04F79EFBC}") = "Polymorphism", "Polymorphism\Polymorphism.csproj", "{30172A97-5CF3-4A94-8E24-EED8492B6A3D}"
EndProject
Project("{2150E333-8FDC-42A3-9474-1A3956D46DE8}") = "SOLID", "SOLID", "{60E1C39C-A26F-4221-87A1-4DE83EBBF275}"
EndProject
Project("{2150E333-8FDC-42A3-9474-1A3956D46DE8}") = "Open-Closed Principle", "Open-Closed Principle", "{72E6AB1D-4D27-4860-A785-DEBF18792BC5}"
EndProject
Project("{2150E333-8FDC-42A3-9474-1A3956D46DE8}") = "Bad", "Bad", "{51F4E615-6F27-467F-8BBF-9DCAA6C3CD4D}"
EndProject
Project("{2150E333-8FDC-42A3-9474-1A3956D46DE8}") = "Good", "Good", "{E2F24822-3F30-4892-9ED2-CC2E35E27CEF}"
EndProject
Project("{FAE04EC0-301F-11D3-BF4B-00C04F79EFBC}") = "OPC.Bad.Code", "OPC.Bad.Code\OPC.Bad.Code.csproj", "{B2A6984D-C013-4A52-91F6-CCCF4B598D71}"
EndProject
Project("{FAE04EC0-301F-11D3-BF4B-00C04F79EFBC}") = "OPC.Good.Code", "OPC.Good.Code\OPC.Good.Code.csproj", "{D3B97F56-4BC2-425B-A168-B57BEE7BC090}"
EndProject
Global
	GlobalSection(SolutionConfigurationPlatforms) = preSolution
		Debug|Any CPU = Debug|Any CPU
		Release|Any CPU = Release|Any CPU
	EndGlobalSection
	GlobalSection(ProjectConfigurationPlatforms) = postSolution
		{30172A97-5CF3-4A94-8E24-EED8492B6A3D}.Debug|Any CPU.ActiveCfg = Debug|Any CPU
		{30172A97-5CF3-4A94-8E24-EED8492B6A3D}.Debug|Any CPU.Build.0 = Debug|Any CPU
		{30172A97-5CF3-4A94-8E24-EED8492B6A3D}.Release|Any CPU.ActiveCfg = Release|Any CPU
		{30172A97-5CF3-4A94-8E24-EED8492B6A3D}.Release|Any CPU.Build.0 = Release|Any CPU
		{B2A6984D-C013-4A52-91F6-CCCF4B598D71}.Debug|Any CPU.ActiveCfg = Debug|Any CPU
		{B2A6984D-C013-4A52-91F6-CCCF4B598D71}.Debug|Any CPU.Build.0 = Debug|Any CPU
		{B2A6984D-C013-4A52-91F6-CCCF4B598D71}.Release|Any CPU.ActiveCfg = Release|Any CPU
		{B2A6984D-C013-4A52-91F6-CCCF4B598D71}.Release|Any CPU.Build.0 = Release|Any CPU
		{D3B97F56-4BC2-425B-A168-B57BEE7BC090}.Debug|Any CPU.ActiveCfg = Debug|Any CPU
		{D3B97F56-4BC2-425B-A168-B57BEE7BC090}.Debug|Any CPU.Build.0 = Debug|Any CPU
		{D3B97F56-4BC2-425B-A168-B57BEE7BC090}.Release|Any CPU.ActiveCfg = Release|Any CPU
		{D3B97F56-4BC2-425B-A168-B57BEE7BC090}.Release|Any CPU.Build.0 = Release|Any CPU
	EndGlobalSection
	GlobalSection(SolutionProperties) = preSolution
		HideSolutionNode = FALSE
	EndGlobalSection
	GlobalSection(NestedProjects) = preSolution
		{72E6AB1D-4D27-4860-A785-DEBF18792BC5} = {60E1C39C-A26F-4221-87A1-4DE83EBBF275}
		{51F4E615-6F27-467F-8BBF-9DCAA6C3CD4D} = {72E6AB1D-4D27-4860-A785-DEBF18792BC5}
		{E2F24822-3F30-4892-9ED2-CC2E35E27CEF} = {72E6AB1D-4D27-4860-A785-DEBF18792BC5}
		{B2A6984D-C013-4A52-91F6-CCCF4B598D71} = {51F4E615-6F27-467F-8BBF-9DCAA6C3CD4D}
		{D3B97F56-4BC2-425B-A168-B57BEE7BC090} = {E2F24822-3F30-4892-9ED2-CC2E35E27CEF}
	EndGlobalSection
EndGlobal
