
Microsoft Visual Studio Solution File, Format Version 12.00
# Visual Studio 14
VisualStudioVersion = 14.0.25420.1
MinimumVisualStudioVersion = 10.0.40219.1
Project("{FAE04EC0-301F-11D3-BF4B-00C04F79EFBC}") = "Polymorphism", "Polymorphism\Polymorphism.csproj", "{30172A97-5CF3-4A94-8E24-EED8492B6A3D}"
EndProject
Project("{2150E333-8FDC-42A3-9474-1A3956D46DE8}") = "SOLID", "SOLID", "{60E1C39C-A26F-4221-87A1-4DE83EBBF275}"
EndProject
Project("{2150E333-8FDC-42A3-9474-1A3956D46DE8}") = "Open-Closed Principle", "Open-Closed Principle", "{72E6AB1D-4D27-4860-A785-DEBF18792BC5}"
EndProject
Project("{2150E333-8FDC-42A3-9474-1A3956D46DE8}") = "Bad", "Bad", "{51F4E615-6F27-467F-8BBF-9DCAA6C3CD4D}"
EndProject
Project("{2150E333-8FDC-42A3-9474-1A3956D46DE8}") = "Good", "Good", "{E2F24822-3F30-4892-9ED2-CC2E35E27CEF}"
EndProject
Project("{FAE04EC0-301F-11D3-BF4B-00C04F79EFBC}") = "OPC.Bad.Code", "OPC.Bad.Code\OPC.Bad.Code.csproj", "{B2A6984D-C013-4A52-91F6-CCCF4B598D71}"
EndProject
Project("{FAE04EC0-301F-11D3-BF4B-00C04F79EFBC}") = "OPC.Good.Code", "OPC.Good.Code\OPC.Good.Code.csproj", "{D3B97F56-4BC2-425B-A168-B57BEE7BC090}"
EndProject
Project("{2150E333-8FDC-42A3-9474-1A3956D46DE8}") = "Liskov Substitution Principle", "Liskov Substitution Principle", "{9901E6A2-9CED-462F-A465-2E998E26AE8D}"
EndProject
Project("{2150E333-8FDC-42A3-9474-1A3956D46DE8}") = "Bad", "Bad", "{8D784B1D-F960-469F-9054-B00A88D7C76C}"
EndProject
Project("{2150E333-8FDC-42A3-9474-1A3956D46DE8}") = "Good", "Good", "{1BFFEE97-B32C-43AE-BD57-252DF305C763}"
EndProject
Project("{FAE04EC0-301F-11D3-BF4B-00C04F79EFBC}") = "LSP.Bad.Code", "LSP.Bad.Code\LSP.Bad.Code.csproj", "{E779B2F2-0E44-4D17-8D62-FE8352B44625}"
EndProject
Project("{FAE04EC0-301F-11D3-BF4B-00C04F79EFBC}") = "LSP.Good.Code", "LSP.Good.Code\LSP.Good.Code.csproj", "{8238F4AC-929F-47A4-A339-BCD54DF8C0F2}"
EndProject
Project("{2150E333-8FDC-42A3-9474-1A3956D46DE8}") = "Interface Segregation Principle", "Interface Segregation Principle", "{ADF93779-73D3-4F06-B65E-38B37A96AEF0}"
EndProject
Project("{2150E333-8FDC-42A3-9474-1A3956D46DE8}") = "Bad", "Bad", "{C4DE5583-74C9-4A2D-A9B4-525592E4094F}"
EndProject
Project("{2150E333-8FDC-42A3-9474-1A3956D46DE8}") = "Good", "Good", "{7F3D6586-E069-4B9C-BDF3-2C1E31D08844}"
EndProject
Project("{FAE04EC0-301F-11D3-BF4B-00C04F79EFBC}") = "ISP.Bad.Code", "ISP.Bad.Code\ISP.Bad.Code.csproj", "{0B0E5D7C-9AA8-44BD-AE1B-4145D3815528}"
EndProject
Project("{FAE04EC0-301F-11D3-BF4B-00C04F79EFBC}") = "ISP.Good.Code", "ISP.Good.Code\ISP.Good.Code.csproj", "{851A1E05-E1C5-4487-A95F-34AAD58854AD}"
EndProject
Project("{2150E333-8FDC-42A3-9474-1A3956D46DE8}") = "Single Responsibility Principle", "Single Responsibility Principle", "{B30D9874-A514-42DE-ACD1-10631F095C8D}"
EndProject
Project("{2150E333-8FDC-42A3-9474-1A3956D46DE8}") = "Good", "Good", "{3C5F91FC-AB54-4A2D-867C-A1D1E867C5B9}"
EndProject
Project("{2150E333-8FDC-42A3-9474-1A3956D46DE8}") = "Bad", "Bad", "{E7E800B6-9BE7-45B5-B934-E0EA53CBC0ED}"
EndProject
Project("{FAE04EC0-301F-11D3-BF4B-00C04F79EFBC}") = "SRP.Bad.Example", "SRP.Bad.Example\SRP.Bad.Example.csproj", "{6D18AD95-FF64-4CF3-A7B1-C80E38FEF8D5}"
EndProject
Project("{FAE04EC0-301F-11D3-BF4B-00C04F79EFBC}") = "SRP.Good.Example", "SRP.Good.Example\SRP.Good.Example.csproj", "{D170BAA9-F39D-4767-90EC-466017B28CD6}"
EndProject
Project("{2150E333-8FDC-42A3-9474-1A3956D46DE8}") = "Dependency Inversion Principle", "Dependency Inversion Principle", "{28F9CC68-EC9C-4C04-B03F-70E6FDCAF417}"
EndProject
Project("{2150E333-8FDC-42A3-9474-1A3956D46DE8}") = "Good", "Good", "{AFBA08B9-253D-44CA-866B-BCD3D18A3AF7}"
EndProject
Project("{2150E333-8FDC-42A3-9474-1A3956D46DE8}") = "Bad", "Bad", "{D07621AB-4018-473A-89AA-86C0BAFCFB57}"
EndProject
Project("{FAE04EC0-301F-11D3-BF4B-00C04F79EFBC}") = "DIP.Bad.Code", "DIP.Bad.Code\DIP.Bad.Code.csproj", "{878B15A0-BF52-4076-9AE6-5527B5759785}"
EndProject
Project("{FAE04EC0-301F-11D3-BF4B-00C04F79EFBC}") = "DIP.Good.Code", "DIP.Good.Code\DIP.Good.Code.csproj", "{DAF0211C-32A9-4FEE-9EBE-2C4AAC9E2209}"
EndProject
Global
	GlobalSection(SolutionConfigurationPlatforms) = preSolution
		Debug|Any CPU = Debug|Any CPU
		Release|Any CPU = Release|Any CPU
	EndGlobalSection
	GlobalSection(ProjectConfigurationPlatforms) = postSolution
		{30172A97-5CF3-4A94-8E24-EED8492B6A3D}.Debug|Any CPU.ActiveCfg = Debug|Any CPU
		{30172A97-5CF3-4A94-8E24-EED8492B6A3D}.Debug|Any CPU.Build.0 = Debug|Any CPU
		{30172A97-5CF3-4A94-8E24-EED8492B6A3D}.Release|Any CPU.ActiveCfg = Release|Any CPU
		{30172A97-5CF3-4A94-8E24-EED8492B6A3D}.Release|Any CPU.Build.0 = Release|Any CPU
		{B2A6984D-C013-4A52-91F6-CCCF4B598D71}.Debug|Any CPU.ActiveCfg = Debug|Any CPU
		{B2A6984D-C013-4A52-91F6-CCCF4B598D71}.Debug|Any CPU.Build.0 = Debug|Any CPU
		{B2A6984D-C013-4A52-91F6-CCCF4B598D71}.Release|Any CPU.ActiveCfg = Release|Any CPU
		{B2A6984D-C013-4A52-91F6-CCCF4B598D71}.Release|Any CPU.Build.0 = Release|Any CPU
		{D3B97F56-4BC2-425B-A168-B57BEE7BC090}.Debug|Any CPU.ActiveCfg = Debug|Any CPU
		{D3B97F56-4BC2-425B-A168-B57BEE7BC090}.Debug|Any CPU.Build.0 = Debug|Any CPU
		{D3B97F56-4BC2-425B-A168-B57BEE7BC090}.Release|Any CPU.ActiveCfg = Release|Any CPU
		{D3B97F56-4BC2-425B-A168-B57BEE7BC090}.Release|Any CPU.Build.0 = Release|Any CPU
		{E779B2F2-0E44-4D17-8D62-FE8352B44625}.Debug|Any CPU.ActiveCfg = Debug|Any CPU
		{E779B2F2-0E44-4D17-8D62-FE8352B44625}.Debug|Any CPU.Build.0 = Debug|Any CPU
		{E779B2F2-0E44-4D17-8D62-FE8352B44625}.Release|Any CPU.ActiveCfg = Release|Any CPU
		{E779B2F2-0E44-4D17-8D62-FE8352B44625}.Release|Any CPU.Build.0 = Release|Any CPU
		{8238F4AC-929F-47A4-A339-BCD54DF8C0F2}.Debug|Any CPU.ActiveCfg = Debug|Any CPU
		{8238F4AC-929F-47A4-A339-BCD54DF8C0F2}.Debug|Any CPU.Build.0 = Debug|Any CPU
		{8238F4AC-929F-47A4-A339-BCD54DF8C0F2}.Release|Any CPU.ActiveCfg = Release|Any CPU
		{8238F4AC-929F-47A4-A339-BCD54DF8C0F2}.Release|Any CPU.Build.0 = Release|Any CPU
		{0B0E5D7C-9AA8-44BD-AE1B-4145D3815528}.Debug|Any CPU.ActiveCfg = Debug|Any CPU
		{0B0E5D7C-9AA8-44BD-AE1B-4145D3815528}.Debug|Any CPU.Build.0 = Debug|Any CPU
		{0B0E5D7C-9AA8-44BD-AE1B-4145D3815528}.Release|Any CPU.ActiveCfg = Release|Any CPU
		{0B0E5D7C-9AA8-44BD-AE1B-4145D3815528}.Release|Any CPU.Build.0 = Release|Any CPU
		{851A1E05-E1C5-4487-A95F-34AAD58854AD}.Debug|Any CPU.ActiveCfg = Debug|Any CPU
		{851A1E05-E1C5-4487-A95F-34AAD58854AD}.Debug|Any CPU.Build.0 = Debug|Any CPU
		{851A1E05-E1C5-4487-A95F-34AAD58854AD}.Release|Any CPU.ActiveCfg = Release|Any CPU
		{851A1E05-E1C5-4487-A95F-34AAD58854AD}.Release|Any CPU.Build.0 = Release|Any CPU
		{6D18AD95-FF64-4CF3-A7B1-C80E38FEF8D5}.Debug|Any CPU.ActiveCfg = Debug|Any CPU
		{6D18AD95-FF64-4CF3-A7B1-C80E38FEF8D5}.Debug|Any CPU.Build.0 = Debug|Any CPU
		{6D18AD95-FF64-4CF3-A7B1-C80E38FEF8D5}.Release|Any CPU.ActiveCfg = Release|Any CPU
		{6D18AD95-FF64-4CF3-A7B1-C80E38FEF8D5}.Release|Any CPU.Build.0 = Release|Any CPU
		{D170BAA9-F39D-4767-90EC-466017B28CD6}.Debug|Any CPU.ActiveCfg = Debug|Any CPU
		{D170BAA9-F39D-4767-90EC-466017B28CD6}.Debug|Any CPU.Build.0 = Debug|Any CPU
		{D170BAA9-F39D-4767-90EC-466017B28CD6}.Release|Any CPU.ActiveCfg = Release|Any CPU
		{D170BAA9-F39D-4767-90EC-466017B28CD6}.Release|Any CPU.Build.0 = Release|Any CPU
		{878B15A0-BF52-4076-9AE6-5527B5759785}.Debug|Any CPU.ActiveCfg = Debug|Any CPU
		{878B15A0-BF52-4076-9AE6-5527B5759785}.Debug|Any CPU.Build.0 = Debug|Any CPU
		{878B15A0-BF52-4076-9AE6-5527B5759785}.Release|Any CPU.ActiveCfg = Release|Any CPU
		{878B15A0-BF52-4076-9AE6-5527B5759785}.Release|Any CPU.Build.0 = Release|Any CPU
		{DAF0211C-32A9-4FEE-9EBE-2C4AAC9E2209}.Debug|Any CPU.ActiveCfg = Debug|Any CPU
		{DAF0211C-32A9-4FEE-9EBE-2C4AAC9E2209}.Debug|Any CPU.Build.0 = Debug|Any CPU
		{DAF0211C-32A9-4FEE-9EBE-2C4AAC9E2209}.Release|Any CPU.ActiveCfg = Release|Any CPU
		{DAF0211C-32A9-4FEE-9EBE-2C4AAC9E2209}.Release|Any CPU.Build.0 = Release|Any CPU
	EndGlobalSection
	GlobalSection(SolutionProperties) = preSolution
		HideSolutionNode = FALSE
	EndGlobalSection
	GlobalSection(NestedProjects) = preSolution
		{72E6AB1D-4D27-4860-A785-DEBF18792BC5} = {60E1C39C-A26F-4221-87A1-4DE83EBBF275}
		{51F4E615-6F27-467F-8BBF-9DCAA6C3CD4D} = {72E6AB1D-4D27-4860-A785-DEBF18792BC5}
		{E2F24822-3F30-4892-9ED2-CC2E35E27CEF} = {72E6AB1D-4D27-4860-A785-DEBF18792BC5}
		{B2A6984D-C013-4A52-91F6-CCCF4B598D71} = {51F4E615-6F27-467F-8BBF-9DCAA6C3CD4D}
		{D3B97F56-4BC2-425B-A168-B57BEE7BC090} = {E2F24822-3F30-4892-9ED2-CC2E35E27CEF}
		{9901E6A2-9CED-462F-A465-2E998E26AE8D} = {60E1C39C-A26F-4221-87A1-4DE83EBBF275}
		{8D784B1D-F960-469F-9054-B00A88D7C76C} = {9901E6A2-9CED-462F-A465-2E998E26AE8D}
		{1BFFEE97-B32C-43AE-BD57-252DF305C763} = {9901E6A2-9CED-462F-A465-2E998E26AE8D}
		{E779B2F2-0E44-4D17-8D62-FE8352B44625} = {8D784B1D-F960-469F-9054-B00A88D7C76C}
		{8238F4AC-929F-47A4-A339-BCD54DF8C0F2} = {1BFFEE97-B32C-43AE-BD57-252DF305C763}
		{ADF93779-73D3-4F06-B65E-38B37A96AEF0} = {60E1C39C-A26F-4221-87A1-4DE83EBBF275}
		{C4DE5583-74C9-4A2D-A9B4-525592E4094F} = {ADF93779-73D3-4F06-B65E-38B37A96AEF0}
		{7F3D6586-E069-4B9C-BDF3-2C1E31D08844} = {ADF93779-73D3-4F06-B65E-38B37A96AEF0}
		{0B0E5D7C-9AA8-44BD-AE1B-4145D3815528} = {C4DE5583-74C9-4A2D-A9B4-525592E4094F}
		{851A1E05-E1C5-4487-A95F-34AAD58854AD} = {7F3D6586-E069-4B9C-BDF3-2C1E31D08844}
		{B30D9874-A514-42DE-ACD1-10631F095C8D} = {60E1C39C-A26F-4221-87A1-4DE83EBBF275}
		{3C5F91FC-AB54-4A2D-867C-A1D1E867C5B9} = {B30D9874-A514-42DE-ACD1-10631F095C8D}
		{E7E800B6-9BE7-45B5-B934-E0EA53CBC0ED} = {B30D9874-A514-42DE-ACD1-10631F095C8D}
		{6D18AD95-FF64-4CF3-A7B1-C80E38FEF8D5} = {E7E800B6-9BE7-45B5-B934-E0EA53CBC0ED}
		{D170BAA9-F39D-4767-90EC-466017B28CD6} = {3C5F91FC-AB54-4A2D-867C-A1D1E867C5B9}
		{28F9CC68-EC9C-4C04-B03F-70E6FDCAF417} = {60E1C39C-A26F-4221-87A1-4DE83EBBF275}
		{AFBA08B9-253D-44CA-866B-BCD3D18A3AF7} = {28F9CC68-EC9C-4C04-B03F-70E6FDCAF417}
		{D07621AB-4018-473A-89AA-86C0BAFCFB57} = {28F9CC68-EC9C-4C04-B03F-70E6FDCAF417}
		{878B15A0-BF52-4076-9AE6-5527B5759785} = {D07621AB-4018-473A-89AA-86C0BAFCFB57}
		{DAF0211C-32A9-4FEE-9EBE-2C4AAC9E2209} = {AFBA08B9-253D-44CA-866B-BCD3D18A3AF7}
	EndGlobalSection
EndGlobal
